
Microsoft Visual Studio Solution File, Format Version 12.00
# Visual Studio 15
VisualStudioVersion = 15.0.27703.2018
MinimumVisualStudioVersion = 10.0.40219.1
Project("{FAE04EC0-301F-11D3-BF4B-00C04F79EFBC}") = "WindowsFormsApp1", "WindowsFormsApp1\WindowsFormsApp1.csproj", "{4F398C3F-5A5F-431D-A2B3-525E15257F68}"
EndProject
Global
	GlobalSection(SolutionConfigurationPlatforms) = preSolution
		Debug|Any CPU = Debug|Any CPU
		Release|Any CPU = Release|Any CPU
	EndGlobalSection
	GlobalSection(ProjectConfigurationPlatforms) = postSolution
		{4F398C3F-5A5F-431D-A2B3-525E15257F68}.Debug|Any CPU.ActiveCfg = Debug|Any CPU
		{4F398C3F-5A5F-431D-A2B3-525E15257F68}.Debug|Any CPU.Build.0 = Debug|Any CPU
		{4F398C3F-5A5F-431D-A2B3-525E15257F68}.Release|Any CPU.ActiveCfg = Release|Any CPU
		{4F398C3F-5A5F-431D-A2B3-525E15257F68}.Release|Any CPU.Build.0 = Release|Any CPU
	EndGlobalSection
	GlobalSection(SolutionProperties) = preSolution
		HideSolutionNode = FALSE
	EndGlobalSection
	GlobalSection(ExtensibilityGlobals) = postSolution
		SolutionGuid = {91292CA8-EEBF-4BF5-8928-12834EB1A194}
	EndGlobalSection
EndGlobal
